// !$*UTF8*$!
{
	archiveVersion = 1;
	classes = {
	};
	objectVersion = 46;
	objects = {

/* Begin PBXAggregateTarget section */
		2D32D71251F342418A17CF10 /* ALL_BUILD */ = {
			isa = PBXAggregateTarget;
			buildConfigurationList = BDF3F3AC442B4895AE8B0DE2 /* Build configuration list for PBXAggregateTarget "ALL_BUILD" */;
			buildPhases = (
				D91DB785FB22D3EA9EF57DD2 /* Generate CMakeFiles/ALL_BUILD */,
			);
			dependencies = (
				C53D6A21098B44F689FACC8D /* PBXTargetDependency */,
				00E910CD2A1641919C72D247 /* PBXTargetDependency */,
			);
			name = ALL_BUILD;
			productName = ALL_BUILD;
		};
		4645A2606E884680B78A1547 /* ZERO_CHECK */ = {
			isa = PBXAggregateTarget;
			buildConfigurationList = 7C05535C252F452A80841A68 /* Build configuration list for PBXAggregateTarget "ZERO_CHECK" */;
			buildPhases = (
				D01346A2FB7099AFBFCC93D1 /* Generate CMakeFiles/ZERO_CHECK */,
			);
			dependencies = (
			);
			name = ZERO_CHECK;
			productName = ZERO_CHECK;
		};
/* End PBXAggregateTarget section */

/* Begin PBXBuildFile section */
		4B4896C90DB6433AB8795F5A /* /Users/enil/Desktop/Лабы/Lab8/CMakeLists.txt */ = {isa = PBXBuildFile; fileRef = 43E98942F35440BFBDEF42D0 /* /Users/enil/Desktop/Лабы/Lab8/CMakeLists.txt */; };
		695FA3F5265846B28E9395F0 /* /Users/enil/Desktop/Лабы/Lab8/main.cpp */ = {isa = PBXBuildFile; fileRef = 1386390B691043428CC54C11 /* /Users/enil/Desktop/Лабы/Lab8/main.cpp */; };
/* End PBXBuildFile section */

/* Begin PBXBuildStyle section */
		25736C8BCA9F4EB597B0A0FA /* RelWithDebInfo */ = {
			isa = PBXBuildStyle;
			buildSettings = {
				COPY_PHASE_STRIP = NO;
			};
			name = RelWithDebInfo;
		};
		60F9210C83FB41F090723BEC /* Release */ = {
			isa = PBXBuildStyle;
			buildSettings = {
				COPY_PHASE_STRIP = NO;
			};
			name = Release;
		};
		694300E93A6C411DBC2BBA3F /* MinSizeRel */ = {
			isa = PBXBuildStyle;
			buildSettings = {
				COPY_PHASE_STRIP = NO;
			};
			name = MinSizeRel;
		};
		DDDD27BC0444426AA8A5546F /* Debug */ = {
			isa = PBXBuildStyle;
			buildSettings = {
				COPY_PHASE_STRIP = NO;
			};
			name = Debug;
		};
/* End PBXBuildStyle section */

/* Begin PBXContainerItemProxy section */
		438129FFC48B45258A0F762A /* PBXContainerItemProxy */ = {
			isa = PBXContainerItemProxy;
			containerPortal = 2695E4409DA448D39D272905 /* Project object */;
			proxyType = 1;
			remoteGlobalIDString = 4645A2606E884680B78A1547;
			remoteInfo = ZERO_CHECK;
		};
		769AF7FF7E834B8180732490 /* PBXContainerItemProxy */ = {
			isa = PBXContainerItemProxy;
			containerPortal = 2695E4409DA448D39D272905 /* Project object */;
			proxyType = 1;
			remoteGlobalIDString = 4C5FE9E456FE4751B1D4BD34;
			remoteInfo = Lab_8;
		};
		A042A5FF06B34ACBA23507D0 /* PBXContainerItemProxy */ = {
			isa = PBXContainerItemProxy;
			containerPortal = 2695E4409DA448D39D272905 /* Project object */;
			proxyType = 1;
			remoteGlobalIDString = 4645A2606E884680B78A1547;
			remoteInfo = ZERO_CHECK;
		};
/* End PBXContainerItemProxy section */

/* Begin PBXFileReference section */
		1386390B691043428CC54C11 /* /Users/enil/Desktop/Лабы/Lab8/main.cpp */ = {isa = PBXFileReference; explicitFileType = sourcecode.cpp.cpp; fileEncoding = 4; name = main.cpp; path = main.cpp; sourceTree = SOURCE_ROOT; };
		43E98942F35440BFBDEF42D0 /* /Users/enil/Desktop/Лабы/Lab8/CMakeLists.txt */ = {isa = PBXFileReference; explicitFileType = sourcecode.text; fileEncoding = 4; name = CMakeLists.txt; path = CMakeLists.txt; sourceTree = SOURCE_ROOT; };
		87119FDDACB7404DA1693642 /* /Users/enil/Desktop/Лабы/Lab8/CMakeLists.txt */ = {isa = PBXFileReference; explicitFileType = sourcecode.text; fileEncoding = 4; name = CMakeLists.txt; path = CMakeLists.txt; sourceTree = SOURCE_ROOT; };
		C561DB28C4264D5485E4B5C5 /* Lab_8 */ = {isa = PBXFileReference; explicitFileType = "compiled.mach-o.executable"; path = Lab_8; sourceTree = BUILT_PRODUCTS_DIR; };
/* End PBXFileReference section */

/* Begin PBXFrameworksBuildPhase section */
		F58FAE69AD49431EBAD35EF5 /* Frameworks */ = {
			isa = PBXFrameworksBuildPhase;
			buildActionMask = 2147483647;
			files = (
			);
			runOnlyForDeploymentPostprocessing = 0;
		};
/* End PBXFrameworksBuildPhase section */

/* Begin PBXGroup section */
		03695EE489BF4615ADDC6B9B /* Lab_8 */ = {
			isa = PBXGroup;
			children = (
				45BF15FB0437471086A6B6FC /* Source Files */,
				43E98942F35440BFBDEF42D0 /* /Users/enil/Desktop/Лабы/Lab8/CMakeLists.txt */,
			);
			name = Lab_8;
			sourceTree = "<group>";
		};
		45BF15FB0437471086A6B6FC /* Source Files */ = {
			isa = PBXGroup;
			children = (
				1386390B691043428CC54C11 /* /Users/enil/Desktop/Лабы/Lab8/main.cpp */,
			);
			name = "Source Files";
			sourceTree = "<group>";
		};
		475532760D0E4EB6B81E4302 /* Products */ = {
			isa = PBXGroup;
			children = (
				C561DB28C4264D5485E4B5C5 /* Lab_8 */,
			);
			name = Products;
			sourceTree = "<group>";
		};
		5FC931E1F578469C9CE8843D = {
			isa = PBXGroup;
			children = (
				03695EE489BF4615ADDC6B9B /* Lab_8 */,
				70A6CF4140B345B38DEF6328 /* ALL_BUILD */,
				475532760D0E4EB6B81E4302 /* Products */,
				E23FD292445543D88616F04A /* Frameworks */,
			);
			sourceTree = "<group>";
		};
		70A6CF4140B345B38DEF6328 /* ALL_BUILD */ = {
			isa = PBXGroup;
			children = (
				82600C40F0E64A33A3B7C92A /* CMake Rules */,
				87119FDDACB7404DA1693642 /* /Users/enil/Desktop/Лабы/Lab8/CMakeLists.txt */,
			);
			name = ALL_BUILD;
			sourceTree = "<group>";
		};
		82600C40F0E64A33A3B7C92A /* CMake Rules */ = {
			isa = PBXGroup;
			children = (
			);
			name = "CMake Rules";
			sourceTree = "<group>";
		};
		E23FD292445543D88616F04A /* Frameworks */ = {
			isa = PBXGroup;
			children = (
			);
			name = Frameworks;
			sourceTree = "<group>";
		};
/* End PBXGroup section */

/* Begin PBXNativeTarget section */
		4C5FE9E456FE4751B1D4BD34 /* Lab_8 */ = {
			isa = PBXNativeTarget;
			buildConfigurationList = A8A18DBAC86C48A0B76BCD48 /* Build configuration list for PBXNativeTarget "Lab_8" */;
			buildPhases = (
				CE5DDBFF49564A18A50AA9B2 /* Sources */,
				F58FAE69AD49431EBAD35EF5 /* Frameworks */,
			);
			buildRules = (
			);
			dependencies = (
				B22C6E7EEC564459883E90D6 /* PBXTargetDependency */,
			);
			name = Lab_8;
			productName = Lab_8;
			productReference = C561DB28C4264D5485E4B5C5 /* Lab_8 */;
			productType = "com.apple.product-type.tool";
		};
/* End PBXNativeTarget section */

/* Begin PBXProject section */
		2695E4409DA448D39D272905 /* Project object */ = {
			isa = PBXProject;
			attributes = {
				BuildIndependentTargetsInParallel = YES;
				LastUpgradeCheck = 1320;
			};
			buildConfigurationList = 6C9801491AD844B8A292510F /* Build configuration list for PBXProject "Lab_8" */;
			buildSettings = {
			};
			buildStyles = (
				DDDD27BC0444426AA8A5546F /* Debug */,
				60F9210C83FB41F090723BEC /* Release */,
				694300E93A6C411DBC2BBA3F /* MinSizeRel */,
				25736C8BCA9F4EB597B0A0FA /* RelWithDebInfo */,
			);
			compatibilityVersion = "Xcode 3.2";
			hasScannedForEncodings = 0;
			mainGroup = 5FC931E1F578469C9CE8843D;
			projectDirPath = "/Users/enil/Desktop/Лабы/Lab8";
			projectRoot = "";
			targets = (
				2D32D71251F342418A17CF10 /* ALL_BUILD */,
				4C5FE9E456FE4751B1D4BD34 /* Lab_8 */,
				4645A2606E884680B78A1547 /* ZERO_CHECK */,
			);
		};
/* End PBXProject section */

/* Begin PBXShellScriptBuildPhase section */
		3C0110FC8322DE7E50886E21 = {
			isa = PBXShellScriptBuildPhase;
			buildActionMask = 2147483647;
			files = (
			);
			inputPaths = (
			);
			outputPaths = (
			);
			runOnlyForDeploymentPostprocessing = 0;
			shellPath = /bin/sh;
			shellScript = "# shell script goes here
exit 0";
			showEnvVarsInLog = 0;
		};
		9B50530E35CC49C82C2FACCF = {
			isa = PBXShellScriptBuildPhase;
			buildActionMask = 2147483647;
			files = (
			);
			inputPaths = (
			);
			outputPaths = (
			);
			runOnlyForDeploymentPostprocessing = 0;
			shellPath = /bin/sh;
			shellScript = "# shell script goes here
exit 0";
			showEnvVarsInLog = 0;
		};
		D01346A2FB7099AFBFCC93D1 /* Generate CMakeFiles/ZERO_CHECK */ = {
			isa = PBXShellScriptBuildPhase;
			alwaysOutOfDate = 1;
			buildActionMask = 2147483647;
			files = (
			);
			inputPaths = (
			);
			name = "Generate CMakeFiles/ZERO_CHECK";
			outputPaths = (
"/Users/enil/Desktop/Projects CMake/L8/CMakeFiles/ZERO_CHECK"			);
			runOnlyForDeploymentPostprocessing = 0;
			shellPath = /bin/sh;
			shellScript = "set -e
if test \"$CONFIGURATION\" = \"Debug\"; then :
  cd \"/Users/enil/Desktop/Projects CMake/L8\"
  make -f /Users/enil/Desktop/Projects\\ CMake/L8/CMakeScripts/ReRunCMake.make
fi
if test \"$CONFIGURATION\" = \"Release\"; then :
  cd \"/Users/enil/Desktop/Projects CMake/L8\"
  make -f /Users/enil/Desktop/Projects\\ CMake/L8/CMakeScripts/ReRunCMake.make
fi
if test \"$CONFIGURATION\" = \"MinSizeRel\"; then :
  cd \"/Users/enil/Desktop/Projects CMake/L8\"
  make -f /Users/enil/Desktop/Projects\\ CMake/L8/CMakeScripts/ReRunCMake.make
fi
if test \"$CONFIGURATION\" = \"RelWithDebInfo\"; then :
  cd \"/Users/enil/Desktop/Projects CMake/L8\"
  make -f /Users/enil/Desktop/Projects\\ CMake/L8/CMakeScripts/ReRunCMake.make
fi
";
			showEnvVarsInLog = 0;
		};
		D91DB785FB22D3EA9EF57DD2 /* Generate CMakeFiles/ALL_BUILD */ = {
			isa = PBXShellScriptBuildPhase;
			alwaysOutOfDate = 1;
			buildActionMask = 2147483647;
			files = (
			);
			inputPaths = (
			);
			name = "Generate CMakeFiles/ALL_BUILD";
			outputPaths = (
"/Users/enil/Desktop/Projects CMake/L8/CMakeFiles/ALL_BUILD"			);
			runOnlyForDeploymentPostprocessing = 0;
			shellPath = /bin/sh;
			shellScript = "set -e
if test \"$CONFIGURATION\" = \"Debug\"; then :
  cd \"/Users/enil/Desktop/Projects CMake/L8\"
  echo Build\\ all\\ projects
fi
if test \"$CONFIGURATION\" = \"Release\"; then :
  cd \"/Users/enil/Desktop/Projects CMake/L8\"
  echo Build\\ all\\ projects
fi
if test \"$CONFIGURATION\" = \"MinSizeRel\"; then :
  cd \"/Users/enil/Desktop/Projects CMake/L8\"
  echo Build\\ all\\ projects
fi
if test \"$CONFIGURATION\" = \"RelWithDebInfo\"; then :
  cd \"/Users/enil/Desktop/Projects CMake/L8\"
  echo Build\\ all\\ projects
fi
";
			showEnvVarsInLog = 0;
		};
/* End PBXShellScriptBuildPhase section */

/* Begin PBXSourcesBuildPhase section */
		CE5DDBFF49564A18A50AA9B2 /* Sources */ = {
			isa = PBXSourcesBuildPhase;
			buildActionMask = 2147483647;
			files = (
				695FA3F5265846B28E9395F0 /* /Users/enil/Desktop/Лабы/Lab8/main.cpp */,
			);
			runOnlyForDeploymentPostprocessing = 0;
		};
/* End PBXSourcesBuildPhase section */

/* Begin PBXTargetDependency section */
		00E910CD2A1641919C72D247 /* PBXTargetDependency */ = {
			isa = PBXTargetDependency;
			target = 4645A2606E884680B78A1547 /* ZERO_CHECK */;
			targetProxy = 438129FFC48B45258A0F762A /* PBXContainerItemProxy */;
		};
		B22C6E7EEC564459883E90D6 /* PBXTargetDependency */ = {
			isa = PBXTargetDependency;
			target = 4645A2606E884680B78A1547 /* ZERO_CHECK */;
			targetProxy = A042A5FF06B34ACBA23507D0 /* PBXContainerItemProxy */;
		};
		C53D6A21098B44F689FACC8D /* PBXTargetDependency */ = {
			isa = PBXTargetDependency;
			target = 4C5FE9E456FE4751B1D4BD34 /* Lab_8 */;
			targetProxy = 769AF7FF7E834B8180732490 /* PBXContainerItemProxy */;
		};
/* End PBXTargetDependency section */

/* Begin XCBuildConfiguration section */
		0F4FC54317734BEBBE0400F2 /* Release */ = {
			isa = XCBuildConfiguration;
			buildSettings = {
				COMBINE_HIDPI_IMAGES = YES;
				GCC_GENERATE_DEBUGGING_SYMBOLS = YES;
				GCC_INLINES_ARE_PRIVATE_EXTERN = NO;
				GCC_OPTIMIZATION_LEVEL = 0;
				GCC_PREPROCESSOR_DEFINITIONS = ("'CMAKE_INTDIR=\"$(CONFIGURATION)$(EFFECTIVE_PLATFORM_NAME)\"'","$(inherited)");
				GCC_SYMBOLS_PRIVATE_EXTERN = NO;
				INSTALL_PATH = "";
				OTHER_LDFLAGS = ("","$(inherited)");
				OTHER_REZFLAGS = "";
				PRODUCT_NAME = ALL_BUILD;
				SECTORDER_FLAGS = "";
				SYMROOT = "/Users/enil/Desktop/Projects CMake/L8";
				USE_HEADERMAP = NO;
				WARNING_CFLAGS = ("$(inherited)");
			};
			name = Release;
		};
		63ECC62F87D6417088F232A3 /* Release */ = {
			isa = XCBuildConfiguration;
			buildSettings = {
				ARCHS = "$(NATIVE_ARCH_ACTUAL)";
				MACOSX_DEPLOYMENT_TARGET = 11.6;
				ONLY_ACTIVE_ARCH = YES;
				SDKROOT = /Applications/Xcode.app/Contents/Developer/Platforms/MacOSX.platform/Developer/SDKs/MacOSX12.1.sdk;
				SYMROOT = "/Users/enil/Desktop/Projects CMake/L8/build";
			};
			name = Release;
		};
		6C942BE730AC4B23B2A129A6 /* Release */ = {
			isa = XCBuildConfiguration;
			buildSettings = {
				COMBINE_HIDPI_IMAGES = YES;
				GCC_GENERATE_DEBUGGING_SYMBOLS = YES;
				GCC_INLINES_ARE_PRIVATE_EXTERN = NO;
				GCC_OPTIMIZATION_LEVEL = 0;
				GCC_PREPROCESSOR_DEFINITIONS = ("'CMAKE_INTDIR=\"$(CONFIGURATION)$(EFFECTIVE_PLATFORM_NAME)\"'","$(inherited)");
				GCC_SYMBOLS_PRIVATE_EXTERN = NO;
				INSTALL_PATH = "";
				OTHER_LDFLAGS = ("","$(inherited)");
				OTHER_REZFLAGS = "";
				PRODUCT_NAME = ZERO_CHECK;
				SECTORDER_FLAGS = "";
				SYMROOT = "/Users/enil/Desktop/Projects CMake/L8";
				USE_HEADERMAP = NO;
				WARNING_CFLAGS = ("$(inherited)");
			};
			name = Release;
		};
		7DE0FF772FC44012ADC87B5E /* RelWithDebInfo */ = {
			isa = XCBuildConfiguration;
			buildSettings = {
				COMBINE_HIDPI_IMAGES = YES;
				GCC_GENERATE_DEBUGGING_SYMBOLS = YES;
				GCC_INLINES_ARE_PRIVATE_EXTERN = NO;
				GCC_OPTIMIZATION_LEVEL = 0;
				GCC_PREPROCESSOR_DEFINITIONS = ("'CMAKE_INTDIR=\"$(CONFIGURATION)$(EFFECTIVE_PLATFORM_NAME)\"'","$(inherited)");
				GCC_SYMBOLS_PRIVATE_EXTERN = NO;
				INSTALL_PATH = "";
				OTHER_LDFLAGS = ("","$(inherited)");
				OTHER_REZFLAGS = "";
				PRODUCT_NAME = ZERO_CHECK;
				SECTORDER_FLAGS = "";
				SYMROOT = "/Users/enil/Desktop/Projects CMake/L8";
				USE_HEADERMAP = NO;
				WARNING_CFLAGS = ("$(inherited)");
			};
			name = RelWithDebInfo;
		};
		909672F1BDE24C1A98D7B740 /* Debug */ = {
			isa = XCBuildConfiguration;
			buildSettings = {
				COMBINE_HIDPI_IMAGES = YES;
				EXECUTABLE_PREFIX = "";
				EXECUTABLE_SUFFIX = "";
				GCC_GENERATE_DEBUGGING_SYMBOLS = YES;
				GCC_INLINES_ARE_PRIVATE_EXTERN = NO;
				GCC_OPTIMIZATION_LEVEL = 0;
				GCC_PREPROCESSOR_DEFINITIONS = ("'CMAKE_INTDIR=\"$(CONFIGURATION)$(EFFECTIVE_PLATFORM_NAME)\"'","$(inherited)");
				GCC_SYMBOLS_PRIVATE_EXTERN = NO;
				INSTALL_PATH = "";
				OTHER_CPLUSPLUSFLAGS = "   '-std=c++17' ";
				OTHER_LDFLAGS = (" -Wl,-search_paths_first -Wl,-headerpad_max_install_names","$(inherited)");
				OTHER_REZFLAGS = "";
				PRODUCT_NAME = Lab_8;
				SECTORDER_FLAGS = "";
				SYMROOT = "/Users/enil/Desktop/Projects CMake/L8";
				USE_HEADERMAP = NO;
				WARNING_CFLAGS = ("$(inherited)");
			};
			name = Debug;
		};
		97667123525D4E25BEDC8AD6 /* MinSizeRel */ = {
			isa = XCBuildConfiguration;
			buildSettings = {
				ARCHS = "$(NATIVE_ARCH_ACTUAL)";
				MACOSX_DEPLOYMENT_TARGET = 11.6;
				ONLY_ACTIVE_ARCH = YES;
				SDKROOT = /Applications/Xcode.app/Contents/Developer/Platforms/MacOSX.platform/Developer/SDKs/MacOSX12.1.sdk;
				SYMROOT = "/Users/enil/Desktop/Projects CMake/L8/build";
			};
			name = MinSizeRel;
		};
		977E47B582914FE9923B6249 /* Debug */ = {
			isa = XCBuildConfiguration;
			buildSettings = {
				COMBINE_HIDPI_IMAGES = YES;
				GCC_GENERATE_DEBUGGING_SYMBOLS = YES;
				GCC_INLINES_ARE_PRIVATE_EXTERN = NO;
				GCC_OPTIMIZATION_LEVEL = 0;
				GCC_PREPROCESSOR_DEFINITIONS = ("'CMAKE_INTDIR=\"$(CONFIGURATION)$(EFFECTIVE_PLATFORM_NAME)\"'","$(inherited)");
				GCC_SYMBOLS_PRIVATE_EXTERN = NO;
				INSTALL_PATH = "";
				OTHER_LDFLAGS = ("","$(inherited)");
				OTHER_REZFLAGS = "";
				PRODUCT_NAME = ALL_BUILD;
				SECTORDER_FLAGS = "";
				SYMROOT = "/Users/enil/Desktop/Projects CMake/L8";
				USE_HEADERMAP = NO;
				WARNING_CFLAGS = ("$(inherited)");
			};
			name = Debug;
		};
		BEEA76E19DA44A02B647D6D8 /* MinSizeRel */ = {
			isa = XCBuildConfiguration;
			buildSettings = {
				COMBINE_HIDPI_IMAGES = YES;
				GCC_GENERATE_DEBUGGING_SYMBOLS = YES;
				GCC_INLINES_ARE_PRIVATE_EXTERN = NO;
				GCC_OPTIMIZATION_LEVEL = 0;
				GCC_PREPROCESSOR_DEFINITIONS = ("'CMAKE_INTDIR=\"$(CONFIGURATION)$(EFFECTIVE_PLATFORM_NAME)\"'","$(inherited)");
				GCC_SYMBOLS_PRIVATE_EXTERN = NO;
				INSTALL_PATH = "";
				OTHER_LDFLAGS = ("","$(inherited)");
				OTHER_REZFLAGS = "";
				PRODUCT_NAME = ZERO_CHECK;
				SECTORDER_FLAGS = "";
				SYMROOT = "/Users/enil/Desktop/Projects CMake/L8";
				USE_HEADERMAP = NO;
				WARNING_CFLAGS = ("$(inherited)");
			};
			name = MinSizeRel;
		};
		C02CDD13A3174D56ADCF8147 /* RelWithDebInfo */ = {
			isa = XCBuildConfiguration;
			buildSettings = {
				ARCHS = "$(NATIVE_ARCH_ACTUAL)";
				MACOSX_DEPLOYMENT_TARGET = 11.6;
				ONLY_ACTIVE_ARCH = YES;
				SDKROOT = /Applications/Xcode.app/Contents/Developer/Platforms/MacOSX.platform/Developer/SDKs/MacOSX12.1.sdk;
				SYMROOT = "/Users/enil/Desktop/Projects CMake/L8/build";
			};
			name = RelWithDebInfo;
		};
		C232FB616D2A4CE8BF124BFC /* MinSizeRel */ = {
			isa = XCBuildConfiguration;
			buildSettings = {
				COMBINE_HIDPI_IMAGES = YES;
				GCC_GENERATE_DEBUGGING_SYMBOLS = YES;
				GCC_INLINES_ARE_PRIVATE_EXTERN = NO;
				GCC_OPTIMIZATION_LEVEL = 0;
				GCC_PREPROCESSOR_DEFINITIONS = ("'CMAKE_INTDIR=\"$(CONFIGURATION)$(EFFECTIVE_PLATFORM_NAME)\"'","$(inherited)");
				GCC_SYMBOLS_PRIVATE_EXTERN = NO;
				INSTALL_PATH = "";
				OTHER_LDFLAGS = ("","$(inherited)");
				OTHER_REZFLAGS = "";
				PRODUCT_NAME = ALL_BUILD;
				SECTORDER_FLAGS = "";
				SYMROOT = "/Users/enil/Desktop/Projects CMake/L8";
				USE_HEADERMAP = NO;
				WARNING_CFLAGS = ("$(inherited)");
			};
			name = MinSizeRel;
		};
		C41AABFFEC8A4849930F1F2D /* RelWithDebInfo */ = {
			isa = XCBuildConfiguration;
			buildSettings = {
				COMBINE_HIDPI_IMAGES = YES;
				GCC_GENERATE_DEBUGGING_SYMBOLS = YES;
				GCC_INLINES_ARE_PRIVATE_EXTERN = NO;
				GCC_OPTIMIZATION_LEVEL = 0;
				GCC_PREPROCESSOR_DEFINITIONS = ("'CMAKE_INTDIR=\"$(CONFIGURATION)$(EFFECTIVE_PLATFORM_NAME)\"'","$(inherited)");
				GCC_SYMBOLS_PRIVATE_EXTERN = NO;
				INSTALL_PATH = "";
				OTHER_LDFLAGS = ("","$(inherited)");
				OTHER_REZFLAGS = "";
				PRODUCT_NAME = ALL_BUILD;
				SECTORDER_FLAGS = "";
				SYMROOT = "/Users/enil/Desktop/Projects CMake/L8";
				USE_HEADERMAP = NO;
				WARNING_CFLAGS = ("$(inherited)");
			};
			name = RelWithDebInfo;
		};
		C67548A0F7AC47219BF8281F /* Release */ = {
			isa = XCBuildConfiguration;
			buildSettings = {
				COMBINE_HIDPI_IMAGES = YES;
				EXECUTABLE_PREFIX = "";
				EXECUTABLE_SUFFIX = "";
				GCC_GENERATE_DEBUGGING_SYMBOLS = NO;
				GCC_INLINES_ARE_PRIVATE_EXTERN = NO;
				GCC_OPTIMIZATION_LEVEL = 3;
				GCC_PREPROCESSOR_DEFINITIONS = ("'CMAKE_INTDIR=\"$(CONFIGURATION)$(EFFECTIVE_PLATFORM_NAME)\"'","$(inherited)");
				GCC_SYMBOLS_PRIVATE_EXTERN = NO;
				INSTALL_PATH = "";
				OTHER_CPLUSPLUSFLAGS = "    -DNDEBUG '-std=c++17' ";
				OTHER_LDFLAGS = (" -Wl,-search_paths_first -Wl,-headerpad_max_install_names","$(inherited)");
				OTHER_REZFLAGS = "";
				PRODUCT_NAME = Lab_8;
				SECTORDER_FLAGS = "";
				SYMROOT = "/Users/enil/Desktop/Projects CMake/L8";
				USE_HEADERMAP = NO;
				WARNING_CFLAGS = ("$(inherited)");
			};
			name = Release;
		};
		E1022E3EC89F4C659B3358CC /* MinSizeRel */ = {
			isa = XCBuildConfiguration;
			buildSettings = {
				COMBINE_HIDPI_IMAGES = YES;
				EXECUTABLE_PREFIX = "";
				EXECUTABLE_SUFFIX = "";
				GCC_GENERATE_DEBUGGING_SYMBOLS = NO;
				GCC_INLINES_ARE_PRIVATE_EXTERN = NO;
				GCC_OPTIMIZATION_LEVEL = s;
				GCC_PREPROCESSOR_DEFINITIONS = ("'CMAKE_INTDIR=\"$(CONFIGURATION)$(EFFECTIVE_PLATFORM_NAME)\"'","$(inherited)");
				GCC_SYMBOLS_PRIVATE_EXTERN = NO;
				INSTALL_PATH = "";
				OTHER_CPLUSPLUSFLAGS = "    -DNDEBUG '-std=c++17' ";
				OTHER_LDFLAGS = (" -Wl,-search_paths_first -Wl,-headerpad_max_install_names","$(inherited)");
				OTHER_REZFLAGS = "";
				PRODUCT_NAME = Lab_8;
				SECTORDER_FLAGS = "";
				SYMROOT = "/Users/enil/Desktop/Projects CMake/L8";
				USE_HEADERMAP = NO;
				WARNING_CFLAGS = ("$(inherited)");
			};
			name = MinSizeRel;
		};
		E22347CC8E9743FEB7A8895F /* Debug */ = {
			isa = XCBuildConfiguration;
			buildSettings = {
				ARCHS = "$(NATIVE_ARCH_ACTUAL)";
				MACOSX_DEPLOYMENT_TARGET = 11.6;
				ONLY_ACTIVE_ARCH = YES;
				SDKROOT = /Applications/Xcode.app/Contents/Developer/Platforms/MacOSX.platform/Developer/SDKs/MacOSX12.1.sdk;
				SYMROOT = "/Users/enil/Desktop/Projects CMake/L8/build";
			};
			name = Debug;
		};
		E995532A52844732B96C0880 /* Debug */ = {
			isa = XCBuildConfiguration;
			buildSettings = {
				COMBINE_HIDPI_IMAGES = YES;
				GCC_GENERATE_DEBUGGING_SYMBOLS = YES;
				GCC_INLINES_ARE_PRIVATE_EXTERN = NO;
				GCC_OPTIMIZATION_LEVEL = 0;
				GCC_PREPROCESSOR_DEFINITIONS = ("'CMAKE_INTDIR=\"$(CONFIGURATION)$(EFFECTIVE_PLATFORM_NAME)\"'","$(inherited)");
				GCC_SYMBOLS_PRIVATE_EXTERN = NO;
				INSTALL_PATH = "";
				OTHER_LDFLAGS = ("","$(inherited)");
				OTHER_REZFLAGS = "";
				PRODUCT_NAME = ZERO_CHECK;
				SECTORDER_FLAGS = "";
				SYMROOT = "/Users/enil/Desktop/Projects CMake/L8";
				USE_HEADERMAP = NO;
				WARNING_CFLAGS = ("$(inherited)");
			};
			name = Debug;
		};
		F7AE35907A444BB68694064A /* RelWithDebInfo */ = {
			isa = XCBuildConfiguration;
			buildSettings = {
				COMBINE_HIDPI_IMAGES = YES;
				EXECUTABLE_PREFIX = "";
				EXECUTABLE_SUFFIX = "";
				GCC_GENERATE_DEBUGGING_SYMBOLS = YES;
				GCC_INLINES_ARE_PRIVATE_EXTERN = NO;
				GCC_OPTIMIZATION_LEVEL = 2;
				GCC_PREPROCESSOR_DEFINITIONS = ("'CMAKE_INTDIR=\"$(CONFIGURATION)$(EFFECTIVE_PLATFORM_NAME)\"'","$(inherited)");
				GCC_SYMBOLS_PRIVATE_EXTERN = NO;
				INSTALL_PATH = "";
				OTHER_CPLUSPLUSFLAGS = "       -DNDEBUG '-std=c++17' ";
				OTHER_LDFLAGS = (" -Wl,-search_paths_first -Wl,-headerpad_max_install_names","$(inherited)");
				OTHER_REZFLAGS = "";
				PRODUCT_NAME = Lab_8;
				SECTORDER_FLAGS = "";
				SYMROOT = "/Users/enil/Desktop/Projects CMake/L8";
				USE_HEADERMAP = NO;
				WARNING_CFLAGS = ("$(inherited)");
			};
			name = RelWithDebInfo;
		};
/* End XCBuildConfiguration section */

/* Begin XCConfigurationList section */
		6C9801491AD844B8A292510F /* Build configuration list for PBXProject "Lab_8" */ = {
			isa = XCConfigurationList;
			buildConfigurations = (
				E22347CC8E9743FEB7A8895F /* Debug */,
				63ECC62F87D6417088F232A3 /* Release */,
				97667123525D4E25BEDC8AD6 /* MinSizeRel */,
				C02CDD13A3174D56ADCF8147 /* RelWithDebInfo */,
			);
			defaultConfigurationIsVisible = 0;
			defaultConfigurationName = Debug;
		};
		7C05535C252F452A80841A68 /* Build configuration list for PBXAggregateTarget "ZERO_CHECK" */ = {
			isa = XCConfigurationList;
			buildConfigurations = (
				E995532A52844732B96C0880 /* Debug */,
				6C942BE730AC4B23B2A129A6 /* Release */,
				BEEA76E19DA44A02B647D6D8 /* MinSizeRel */,
				7DE0FF772FC44012ADC87B5E /* RelWithDebInfo */,
			);
			defaultConfigurationIsVisible = 0;
			defaultConfigurationName = Debug;
		};
		A8A18DBAC86C48A0B76BCD48 /* Build configuration list for PBXNativeTarget "Lab_8" */ = {
			isa = XCConfigurationList;
			buildConfigurations = (
				909672F1BDE24C1A98D7B740 /* Debug */,
				C67548A0F7AC47219BF8281F /* Release */,
				E1022E3EC89F4C659B3358CC /* MinSizeRel */,
				F7AE35907A444BB68694064A /* RelWithDebInfo */,
			);
			defaultConfigurationIsVisible = 0;
			defaultConfigurationName = Debug;
		};
		BDF3F3AC442B4895AE8B0DE2 /* Build configuration list for PBXAggregateTarget "ALL_BUILD" */ = {
			isa = XCConfigurationList;
			buildConfigurations = (
				977E47B582914FE9923B6249 /* Debug */,
				0F4FC54317734BEBBE0400F2 /* Release */,
				C232FB616D2A4CE8BF124BFC /* MinSizeRel */,
				C41AABFFEC8A4849930F1F2D /* RelWithDebInfo */,
			);
			defaultConfigurationIsVisible = 0;
			defaultConfigurationName = Debug;
		};
/* End XCConfigurationList section */
	};
	rootObject = 2695E4409DA448D39D272905 /* Project object */;
}
